
Microsoft Visual Studio Solution File, Format Version 12.00
# Visual Studio Version 16
VisualStudioVersion = 16.0.30114.105
MinimumVisualStudioVersion = 10.0.40219.1
Project("{FAE04EC0-301F-11D3-BF4B-00C04F79EFBC}") = "MCDT", "MCDT.csproj", "{6D8DC40D-C2C4-4732-9085-B0B1604B0B6C}"
EndProject
Project("{2150E333-8FDC-42A3-9474-1A3956D46DE8}") = "Solution Items", "Solution Items", "{46577BAA-BE5E-400B-9DF8-24554CB2754C}"
	ProjectSection(SolutionItems) = preProject
		.editorconfig = .editorconfig
	EndProjectSection
EndProject
Project("{FAE04EC0-301F-11D3-BF4B-00C04F79EFBC}") = "Client", "..\Clint\Client.csproj", "{F080AADC-A6E3-4E1C-9944-173369726E20}"
EndProject
Project("{FAE04EC0-301F-11D3-BF4B-00C04F79EFBC}") = "DrapDownList", "..\DrapDownList\DrapDownList.csproj", "{41D597B2-E85F-4DC6-8DD9-D6E95DAAACA7}"
EndProject
Project("{FAE04EC0-301F-11D3-BF4B-00C04F79EFBC}") = "CoreMvc", "..\CoreMvc\CoreMvc.csproj", "{3E0B7FA7-382F-44B6-B6CD-E87FC2A087EF}"
EndProject
Project("{FAE04EC0-301F-11D3-BF4B-00C04F79EFBC}") = "Test", "..\Test\Test.csproj", "{FD37227D-190B-49D7-A71B-FD685FC7F78A}"
EndProject
Global
	GlobalSection(SolutionConfigurationPlatforms) = preSolution
		Debug|Any CPU = Debug|Any CPU
		Debug|x86 = Debug|x86
		Release|Any CPU = Release|Any CPU
		Release|x86 = Release|x86
	EndGlobalSection
	GlobalSection(ProjectConfigurationPlatforms) = postSolution
		{6D8DC40D-C2C4-4732-9085-B0B1604B0B6C}.Debug|Any CPU.ActiveCfg = Debug|Any CPU
		{6D8DC40D-C2C4-4732-9085-B0B1604B0B6C}.Debug|Any CPU.Build.0 = Debug|Any CPU
		{6D8DC40D-C2C4-4732-9085-B0B1604B0B6C}.Debug|x86.ActiveCfg = Debug|Any CPU
		{6D8DC40D-C2C4-4732-9085-B0B1604B0B6C}.Debug|x86.Build.0 = Debug|Any CPU
		{6D8DC40D-C2C4-4732-9085-B0B1604B0B6C}.Release|Any CPU.ActiveCfg = Release|Any CPU
		{6D8DC40D-C2C4-4732-9085-B0B1604B0B6C}.Release|Any CPU.Build.0 = Release|Any CPU
		{6D8DC40D-C2C4-4732-9085-B0B1604B0B6C}.Release|x86.ActiveCfg = Release|Any CPU
		{6D8DC40D-C2C4-4732-9085-B0B1604B0B6C}.Release|x86.Build.0 = Release|Any CPU
		{F080AADC-A6E3-4E1C-9944-173369726E20}.Debug|Any CPU.ActiveCfg = Debug|Any CPU
		{F080AADC-A6E3-4E1C-9944-173369726E20}.Debug|Any CPU.Build.0 = Debug|Any CPU
		{F080AADC-A6E3-4E1C-9944-173369726E20}.Debug|x86.ActiveCfg = Debug|Any CPU
		{F080AADC-A6E3-4E1C-9944-173369726E20}.Release|Any CPU.ActiveCfg = Release|Any CPU
		{F080AADC-A6E3-4E1C-9944-173369726E20}.Release|Any CPU.Build.0 = Release|Any CPU
		{F080AADC-A6E3-4E1C-9944-173369726E20}.Release|x86.ActiveCfg = Release|Any CPU
		{41D597B2-E85F-4DC6-8DD9-D6E95DAAACA7}.Debug|Any CPU.ActiveCfg = Debug|Any CPU
		{41D597B2-E85F-4DC6-8DD9-D6E95DAAACA7}.Debug|Any CPU.Build.0 = Debug|Any CPU
		{41D597B2-E85F-4DC6-8DD9-D6E95DAAACA7}.Debug|x86.ActiveCfg = Debug|Any CPU
		{41D597B2-E85F-4DC6-8DD9-D6E95DAAACA7}.Release|Any CPU.ActiveCfg = Release|Any CPU
		{41D597B2-E85F-4DC6-8DD9-D6E95DAAACA7}.Release|Any CPU.Build.0 = Release|Any CPU
		{41D597B2-E85F-4DC6-8DD9-D6E95DAAACA7}.Release|x86.ActiveCfg = Release|Any CPU
		{3E0B7FA7-382F-44B6-B6CD-E87FC2A087EF}.Debug|Any CPU.ActiveCfg = Debug|Any CPU
		{3E0B7FA7-382F-44B6-B6CD-E87FC2A087EF}.Debug|Any CPU.Build.0 = Debug|Any CPU
		{3E0B7FA7-382F-44B6-B6CD-E87FC2A087EF}.Debug|x86.ActiveCfg = Debug|Any CPU
		{3E0B7FA7-382F-44B6-B6CD-E87FC2A087EF}.Release|Any CPU.ActiveCfg = Release|Any CPU
		{3E0B7FA7-382F-44B6-B6CD-E87FC2A087EF}.Release|Any CPU.Build.0 = Release|Any CPU
		{3E0B7FA7-382F-44B6-B6CD-E87FC2A087EF}.Release|x86.ActiveCfg = Release|Any CPU
		{FD37227D-190B-49D7-A71B-FD685FC7F78A}.Debug|Any CPU.ActiveCfg = Debug|Any CPU
		{FD37227D-190B-49D7-A71B-FD685FC7F78A}.Debug|Any CPU.Build.0 = Debug|Any CPU
		{FD37227D-190B-49D7-A71B-FD685FC7F78A}.Debug|x86.ActiveCfg = Debug|Any CPU
		{FD37227D-190B-49D7-A71B-FD685FC7F78A}.Debug|x86.Build.0 = Debug|Any CPU
		{FD37227D-190B-49D7-A71B-FD685FC7F78A}.Release|Any CPU.ActiveCfg = Release|Any CPU
		{FD37227D-190B-49D7-A71B-FD685FC7F78A}.Release|Any CPU.Build.0 = Release|Any CPU
		{FD37227D-190B-49D7-A71B-FD685FC7F78A}.Release|x86.ActiveCfg = Release|Any CPU
		{FD37227D-190B-49D7-A71B-FD685FC7F78A}.Release|x86.Build.0 = Release|Any CPU
	EndGlobalSection
	GlobalSection(SolutionProperties) = preSolution
		HideSolutionNode = FALSE
	EndGlobalSection
	GlobalSection(ExtensibilityGlobals) = postSolution
		SolutionGuid = {36CF8485-32C6-4B1E-9504-170A820F2B0B}
	EndGlobalSection
EndGlobal
